
Microsoft Visual Studio Solution File, Format Version 12.00
# Visual Studio Version 16
VisualStudioVersion = 16.0.30413.136
MinimumVisualStudioVersion = 10.0.40219.1
Project("{9A19103F-16F7-4668-BE54-9A1E7A4F7556}") = "SimpleCodeCalc 02.12", "SimpleCodeCalc 02.12\SimpleCodeCalc 02.12.csproj", "{15292293-E20A-4047-9C70-908752CFBB94}"
EndProject
Project("{FAE04EC0-301F-11D3-BF4B-00C04F79EFBC}") = "SimpleCodeCalc2", "SimpleCodeCalc2\SimpleCodeCalc2.csproj", "{3ABD3374-40F0-4E1A-9786-26E30DD4FF3C}"
EndProject
Project("{FAE04EC0-301F-11D3-BF4B-00C04F79EFBC}") = "SimpleCodeCalc WinForms", "SimpleCodeCalc WinForms\SimpleCodeCalc WinForms.csproj", "{1BFF78A2-DF88-45AB-8D9D-1FC246BF7660}"
EndProject
Global
	GlobalSection(SolutionConfigurationPlatforms) = preSolution
		Debug|Any CPU = Debug|Any CPU
		Release|Any CPU = Release|Any CPU
	EndGlobalSection
	GlobalSection(ProjectConfigurationPlatforms) = postSolution
		{15292293-E20A-4047-9C70-908752CFBB94}.Debug|Any CPU.ActiveCfg = Debug|Any CPU
		{15292293-E20A-4047-9C70-908752CFBB94}.Debug|Any CPU.Build.0 = Debug|Any CPU
		{15292293-E20A-4047-9C70-908752CFBB94}.Release|Any CPU.ActiveCfg = Release|Any CPU
		{15292293-E20A-4047-9C70-908752CFBB94}.Release|Any CPU.Build.0 = Release|Any CPU
		{3ABD3374-40F0-4E1A-9786-26E30DD4FF3C}.Debug|Any CPU.ActiveCfg = Debug|Any CPU
		{3ABD3374-40F0-4E1A-9786-26E30DD4FF3C}.Debug|Any CPU.Build.0 = Debug|Any CPU
		{3ABD3374-40F0-4E1A-9786-26E30DD4FF3C}.Release|Any CPU.ActiveCfg = Release|Any CPU
		{3ABD3374-40F0-4E1A-9786-26E30DD4FF3C}.Release|Any CPU.Build.0 = Release|Any CPU
		{1BFF78A2-DF88-45AB-8D9D-1FC246BF7660}.Debug|Any CPU.ActiveCfg = Debug|Any CPU
		{1BFF78A2-DF88-45AB-8D9D-1FC246BF7660}.Debug|Any CPU.Build.0 = Debug|Any CPU
		{1BFF78A2-DF88-45AB-8D9D-1FC246BF7660}.Release|Any CPU.ActiveCfg = Release|Any CPU
		{1BFF78A2-DF88-45AB-8D9D-1FC246BF7660}.Release|Any CPU.Build.0 = Release|Any CPU
	EndGlobalSection
	GlobalSection(SolutionProperties) = preSolution
		HideSolutionNode = FALSE
	EndGlobalSection
	GlobalSection(ExtensibilityGlobals) = postSolution
		SolutionGuid = {BC12F8D8-D374-483E-9479-6F2F7B25A2F5}
	EndGlobalSection
EndGlobal
